{
  "name": "vrsn",
  "version": "1.0.14",
  "dependencies": {
    "async": {
      "version": "0.9.0",
      "from": "https://registry.npmjs.org/async/-/async-0.9.0.tgz",
      "resolved": "https://registry.npmjs.org/async/-/async-0.9.0.tgz"
    },
    "gift": {
      "version": "0.6.0",
      "from": "gift@",
      "resolved": "https://registry.npmjs.org/gift/-/gift-0.6.0.tgz",
      "dependencies": {
        "underscore": {
          "version": "1.8.3",
          "from": "underscore@1.x.x",
          "resolved": "https://registry.npmjs.org/underscore/-/underscore-1.8.3.tgz"
        }
      }
    },
    "lodash": {
      "version": "3.7.0",
      "from": "lodash@",
      "resolved": "https://registry.npmjs.org/lodash/-/lodash-3.7.0.tgz"
    },
    "nomnom": {
      "version": "1.8.1",
      "from": "nomnom@",
      "resolved": "https://registry.npmjs.org/nomnom/-/nomnom-1.8.1.tgz",
      "dependencies": {
        "underscore": {
          "version": "1.6.0",
          "from": "underscore@~1.6.0",
          "resolved": "https://registry.npmjs.org/underscore/-/underscore-1.6.0.tgz"
        },
        "chalk": {
          "version": "0.4.0",
          "from": "chalk@~0.4.0",
          "resolved": "https://registry.npmjs.org/chalk/-/chalk-0.4.0.tgz",
          "dependencies": {
            "has-color": {
              "version": "0.1.7",
              "from": "has-color@~0.1.0",
              "resolved": "https://registry.npmjs.org/has-color/-/has-color-0.1.7.tgz"
            },
            "ansi-styles": {
              "version": "1.0.0",
              "from": "ansi-styles@~1.0.0",
              "resolved": "https://registry.npmjs.org/ansi-styles/-/ansi-styles-1.0.0.tgz"
            },
            "strip-ansi": {
              "version": "0.1.1",
              "from": "strip-ansi@~0.1.0",
              "resolved": "https://registry.npmjs.org/strip-ansi/-/strip-ansi-0.1.1.tgz"
            }
          }
        }
      }
    },
    "semver": {
      "version": "4.3.3",
      "from": "semver@",
      "resolved": "https://registry.npmjs.org/semver/-/semver-4.3.3.tgz"
    },
    "winston": {
      "version": "1.0.0",
      "from": "winston@",
      "resolved": "https://registry.npmjs.org/winston/-/winston-1.0.0.tgz",
      "dependencies": {
        "colors": {
          "version": "1.0.3",
          "from": "colors@1.0.x",
          "resolved": "https://registry.npmjs.org/colors/-/colors-1.0.3.tgz"
        },
        "cycle": {
          "version": "1.0.3",
          "from": "cycle@1.0.x",
          "resolved": "https://registry.npmjs.org/cycle/-/cycle-1.0.3.tgz"
        },
        "eyes": {
          "version": "0.1.8",
          "from": "eyes@0.1.x",
          "resolved": "https://registry.npmjs.org/eyes/-/eyes-0.1.8.tgz"
        },
        "isstream": {
          "version": "0.1.2",
          "from": "isstream@0.1.x",
          "resolved": "https://registry.npmjs.org/isstream/-/isstream-0.1.2.tgz"
        },
        "pkginfo": {
          "version": "0.3.0",
          "from": "pkginfo@0.3.x",
          "resolved": "https://registry.npmjs.org/pkginfo/-/pkginfo-0.3.0.tgz"
        },
        "stack-trace": {
          "version": "0.0.9",
          "from": "stack-trace@0.0.x",
          "resolved": "https://registry.npmjs.org/stack-trace/-/stack-trace-0.0.9.tgz"
        }
      }
    }
  }
}
